
Microsoft Visual Studio Solution File, Format Version 12.00
# Visual Studio Version 17
VisualStudioVersion = 17.11.35222.181
MinimumVisualStudioVersion = 10.0.40219.1
Project("{FAE04EC0-301F-11D3-BF4B-00C04F79EFBC}") = "BankApp", "BankApp\BankApp.csproj", "{26F95572-A469-422C-84F4-40F0BE674DF4}"
EndProject
Project("{FAE04EC0-301F-11D3-BF4B-00C04F79EFBC}") = "DataAccessLayer", "DataAccessLayer\DataAccessLayer.csproj", "{7D670202-BAAB-4410-9104-F4F059D9EB52}"
EndProject
Project("{FAE04EC0-301F-11D3-BF4B-00C04F79EFBC}") = "Services", "Services\Services.csproj", "{F1A823EC-282C-408A-A4E6-0F96088313ED}"
EndProject
Project("{FAE04EC0-301F-11D3-BF4B-00C04F79EFBC}") = "BankProjectApi", "BankProjectApi\BankProjectApi.csproj", "{D793E780-BB78-4084-A894-5AE6D24CDB40}"
EndProject
Global
	GlobalSection(SolutionConfigurationPlatforms) = preSolution
		Debug|Any CPU = Debug|Any CPU
		Release|Any CPU = Release|Any CPU
	EndGlobalSection
	GlobalSection(ProjectConfigurationPlatforms) = postSolution
		{26F95572-A469-422C-84F4-40F0BE674DF4}.Debug|Any CPU.ActiveCfg = Debug|Any CPU
		{26F95572-A469-422C-84F4-40F0BE674DF4}.Debug|Any CPU.Build.0 = Debug|Any CPU
		{26F95572-A469-422C-84F4-40F0BE674DF4}.Release|Any CPU.ActiveCfg = Release|Any CPU
		{26F95572-A469-422C-84F4-40F0BE674DF4}.Release|Any CPU.Build.0 = Release|Any CPU
		{7D670202-BAAB-4410-9104-F4F059D9EB52}.Debug|Any CPU.ActiveCfg = Debug|Any CPU
		{7D670202-BAAB-4410-9104-F4F059D9EB52}.Debug|Any CPU.Build.0 = Debug|Any CPU
		{7D670202-BAAB-4410-9104-F4F059D9EB52}.Release|Any CPU.ActiveCfg = Release|Any CPU
		{7D670202-BAAB-4410-9104-F4F059D9EB52}.Release|Any CPU.Build.0 = Release|Any CPU
		{F1A823EC-282C-408A-A4E6-0F96088313ED}.Debug|Any CPU.ActiveCfg = Debug|Any CPU
		{F1A823EC-282C-408A-A4E6-0F96088313ED}.Debug|Any CPU.Build.0 = Debug|Any CPU
		{F1A823EC-282C-408A-A4E6-0F96088313ED}.Release|Any CPU.ActiveCfg = Release|Any CPU
		{F1A823EC-282C-408A-A4E6-0F96088313ED}.Release|Any CPU.Build.0 = Release|Any CPU
		{D793E780-BB78-4084-A894-5AE6D24CDB40}.Debug|Any CPU.ActiveCfg = Debug|Any CPU
		{D793E780-BB78-4084-A894-5AE6D24CDB40}.Debug|Any CPU.Build.0 = Debug|Any CPU
		{D793E780-BB78-4084-A894-5AE6D24CDB40}.Release|Any CPU.ActiveCfg = Release|Any CPU
		{D793E780-BB78-4084-A894-5AE6D24CDB40}.Release|Any CPU.Build.0 = Release|Any CPU
	EndGlobalSection
	GlobalSection(SolutionProperties) = preSolution
		HideSolutionNode = FALSE
	EndGlobalSection
	GlobalSection(ExtensibilityGlobals) = postSolution
		SolutionGuid = {71AD802E-B3DC-49A5-8F51-E647312AD622}
	EndGlobalSection
EndGlobal
